
Microsoft Visual Studio Solution File, Format Version 12.00
# Visual Studio 15
VisualStudioVersion = 15.0.28010.2003
MinimumVisualStudioVersion = 10.0.40219.1
Project("{FAE04EC0-301F-11D3-BF4B-00C04F79EFBC}") = "WorkProject", "WorkProject\WorkProject.csproj", "{F4532CB0-EC34-433A-8830-E07927F102BC}"
EndProject
Global
	GlobalSection(SolutionConfigurationPlatforms) = preSolution
		Debug|Any CPU = Debug|Any CPU
		Release|Any CPU = Release|Any CPU
	EndGlobalSection
	GlobalSection(ProjectConfigurationPlatforms) = postSolution
		{F4532CB0-EC34-433A-8830-E07927F102BC}.Debug|Any CPU.ActiveCfg = Debug|Any CPU
		{F4532CB0-EC34-433A-8830-E07927F102BC}.Debug|Any CPU.Build.0 = Debug|Any CPU
		{F4532CB0-EC34-433A-8830-E07927F102BC}.Release|Any CPU.ActiveCfg = Release|Any CPU
		{F4532CB0-EC34-433A-8830-E07927F102BC}.Release|Any CPU.Build.0 = Release|Any CPU
	EndGlobalSection
	GlobalSection(SolutionProperties) = preSolution
		HideSolutionNode = FALSE
	EndGlobalSection
	GlobalSection(ExtensibilityGlobals) = postSolution
		SolutionGuid = {704ED7AF-7973-4B31-8EF0-BE237B9B3E69}
	EndGlobalSection
EndGlobal
